{
  "name": "jss-tests",
  "version": "1.0.0",
  "lockfileVersion": 3,
  "requires": true,
  "packages": {
    "": {
      "name": "jss-tests",
      "version": "1.0.0",
      "license": "ISC",
      "dependencies": {
        "jspreadsheet": "^11.7.2"
      }
    },
    "node_modules/@jspreadsheet/formula": {
      "version": "2.0.2",
      "resolved": "https://registry.npmjs.org/@jspreadsheet/formula/-/formula-2.0.2.tgz",
      "integrity": "sha512-PDQYf9REQA53I7tVYkvkeyQxrd5jcjUeHgItYnRpjN2QiIQwawSqBDtGGEVQTSboTG+JwgGCuhvOpj7FxeKwew=="
    },
    "node_modules/jspreadsheet": {
      "version": "11.7.2",
      "resolved": "https://registry.npmjs.org/jspreadsheet/-/jspreadsheet-11.7.2.tgz",
      "integrity": "sha512-M5mv8pM3rOBWYY4d5HVzoSKfnA34B59qpcYBBnp/fj7u75LbwqbsvCaKuVdfmeXx3M8LZycoZRBJ7ZWex7WBow==",
      "dependencies": {
        "@jspreadsheet/formula": "^2.0.2",
        "jsuites": "^5.6.1"
      }
    },
    "node_modules/jsuites": {
      "version": "5.6.2",
      "resolved": "https://registry.npmjs.org/jsuites/-/jsuites-5.6.2.tgz",
      "integrity": "sha512-xsoJNzYLS/ESecDNMaw44JbTJErNs+vo92/irgfdHUUf4f7tubK6TFkDQegXqQ3FnlFg85JoFrQT8PPlyqoRLg=="
    }
  }
}
